{
  "name": "miniprogram",
  "version": "1.0.0",
  "lockfileVersion": 1,
  "requires": true,
  "dependencies": {
    "miniprogram-computed": {
      "version": "0.0.4",
      "resolved": "http://registry.npm.taobao.org/miniprogram-computed/download/miniprogram-computed-0.0.4.tgz",
      "integrity": "sha1-81mU+7U9xT2eoLb3lJ6rVyMSdRk="
    },
    "regenerator-runtime": {
      "version": "0.12.1",
      "resolved": "http://registry.npm.taobao.org/regenerator-runtime/download/regenerator-runtime-0.12.1.tgz",
      "integrity": "sha1-+hpxVEdkwDb4xJsToIsllMn4oN4="
    },
    "vant-weapp": {
      "version": "0.2.1",
      "resolved": "http://registry.npm.taobao.org/vant-weapp/download/vant-weapp-0.2.1.tgz",
      "integrity": "sha1-tncAldJHb7DZ4ZE7OHkx8QT8YD0="
    }
  }
}
